
Microsoft Visual Studio Solution File, Format Version 12.00
# Visual Studio Version 17
VisualStudioVersion = 17.5.33530.505
MinimumVisualStudioVersion = 10.0.40219.1
Project("{9A19103F-16F7-4668-BE54-9A1E7A4F7556}") = "global-azure-day2023", "global-azure-day2023\global-azure-day2023.csproj", "{9C86F2B0-2961-4F81-82F7-0FD43F30E2AB}"
EndProject
Project("{9A19103F-16F7-4668-BE54-9A1E7A4F7556}") = "global-azure-day2023.Model.Shared", "global-azure-day2023.Model.Shared\global-azure-day2023.Model.Shared.csproj", "{9EA2F35A-DE9A-41EE-96EF-72A925272D01}"
EndProject
Project("{FAE04EC0-301F-11D3-BF4B-00C04F79EFBC}") = "global-azure-day2023.Function", "global-azure-day2023.Function\global-azure-day2023.Function.csproj", "{D57E4D0E-A12D-4E6A-9861-8E9833DE6DBD}"
EndProject
Global
	GlobalSection(SolutionConfigurationPlatforms) = preSolution
		Debug|Any CPU = Debug|Any CPU
		Release|Any CPU = Release|Any CPU
	EndGlobalSection
	GlobalSection(ProjectConfigurationPlatforms) = postSolution
		{9C86F2B0-2961-4F81-82F7-0FD43F30E2AB}.Debug|Any CPU.ActiveCfg = Debug|Any CPU
		{9C86F2B0-2961-4F81-82F7-0FD43F30E2AB}.Debug|Any CPU.Build.0 = Debug|Any CPU
		{9C86F2B0-2961-4F81-82F7-0FD43F30E2AB}.Release|Any CPU.ActiveCfg = Release|Any CPU
		{9C86F2B0-2961-4F81-82F7-0FD43F30E2AB}.Release|Any CPU.Build.0 = Release|Any CPU
		{9EA2F35A-DE9A-41EE-96EF-72A925272D01}.Debug|Any CPU.ActiveCfg = Debug|Any CPU
		{9EA2F35A-DE9A-41EE-96EF-72A925272D01}.Debug|Any CPU.Build.0 = Debug|Any CPU
		{9EA2F35A-DE9A-41EE-96EF-72A925272D01}.Release|Any CPU.ActiveCfg = Release|Any CPU
		{9EA2F35A-DE9A-41EE-96EF-72A925272D01}.Release|Any CPU.Build.0 = Release|Any CPU
		{D57E4D0E-A12D-4E6A-9861-8E9833DE6DBD}.Debug|Any CPU.ActiveCfg = Debug|Any CPU
		{D57E4D0E-A12D-4E6A-9861-8E9833DE6DBD}.Debug|Any CPU.Build.0 = Debug|Any CPU
		{D57E4D0E-A12D-4E6A-9861-8E9833DE6DBD}.Release|Any CPU.ActiveCfg = Release|Any CPU
		{D57E4D0E-A12D-4E6A-9861-8E9833DE6DBD}.Release|Any CPU.Build.0 = Release|Any CPU
	EndGlobalSection
	GlobalSection(SolutionProperties) = preSolution
		HideSolutionNode = FALSE
	EndGlobalSection
	GlobalSection(ExtensibilityGlobals) = postSolution
		SolutionGuid = {D5C522B9-4E46-400C-BACA-4AB968BE6556}
	EndGlobalSection
EndGlobal
